
Microsoft Visual Studio Solution File, Format Version 12.00
# Visual Studio Version 17
VisualStudioVersion = 17.10.35027.167
MinimumVisualStudioVersion = 10.0.40219.1
Project("{FAE04EC0-301F-11D3-BF4B-00C04F79EFBC}") = "TELEBLASTER PRO", "TELEBLASTER PRO\TELEBLASTER PRO.csproj", "{F23BD409-EAF0-4CDB-89AF-E5F06D8A8ED3}"
EndProject
Global
	GlobalSection(SolutionConfigurationPlatforms) = preSolution
		Debug|Any CPU = Debug|Any CPU
		Release|Any CPU = Release|Any CPU
	EndGlobalSection
	GlobalSection(ProjectConfigurationPlatforms) = postSolution
		{F23BD409-EAF0-4CDB-89AF-E5F06D8A8ED3}.Debug|Any CPU.ActiveCfg = Debug|Any CPU
		{F23BD409-EAF0-4CDB-89AF-E5F06D8A8ED3}.Debug|Any CPU.Build.0 = Debug|Any CPU
		{F23BD409-EAF0-4CDB-89AF-E5F06D8A8ED3}.Release|Any CPU.ActiveCfg = Release|Any CPU
		{F23BD409-EAF0-4CDB-89AF-E5F06D8A8ED3}.Release|Any CPU.Build.0 = Release|Any CPU
	EndGlobalSection
	GlobalSection(SolutionProperties) = preSolution
		HideSolutionNode = FALSE
	EndGlobalSection
	GlobalSection(ExtensibilityGlobals) = postSolution
		SolutionGuid = {053B0AD6-C5B7-43BE-9781-704015CA60BE}
	EndGlobalSection
EndGlobal
